
Microsoft Visual Studio Solution File, Format Version 12.00
# Visual Studio Version 17
VisualStudioVersion = 17.9.34723.18
MinimumVisualStudioVersion = 10.0.40219.1
Project("{FAE04EC0-301F-11D3-BF4B-00C04F79EFBC}") = "OptionsPattern.API", "OptionsPattern.API\OptionsPattern.API.csproj", "{F8173A3B-DD72-4D19-B423-7EEDA8572891}"
EndProject
Global
	GlobalSection(SolutionConfigurationPlatforms) = preSolution
		Debug|Any CPU = Debug|Any CPU
		Release|Any CPU = Release|Any CPU
	EndGlobalSection
	GlobalSection(ProjectConfigurationPlatforms) = postSolution
		{F8173A3B-DD72-4D19-B423-7EEDA8572891}.Debug|Any CPU.ActiveCfg = Debug|Any CPU
		{F8173A3B-DD72-4D19-B423-7EEDA8572891}.Debug|Any CPU.Build.0 = Debug|Any CPU
		{F8173A3B-DD72-4D19-B423-7EEDA8572891}.Release|Any CPU.ActiveCfg = Release|Any CPU
		{F8173A3B-DD72-4D19-B423-7EEDA8572891}.Release|Any CPU.Build.0 = Release|Any CPU
	EndGlobalSection
	GlobalSection(SolutionProperties) = preSolution
		HideSolutionNode = FALSE
	EndGlobalSection
	GlobalSection(ExtensibilityGlobals) = postSolution
		SolutionGuid = {91C0B0A8-C067-4093-9092-EE419A899323}
	EndGlobalSection
EndGlobal
